
Microsoft Visual Studio Solution File, Format Version 12.00
# Visual Studio 15
VisualStudioVersion = 15.0.28307.136
MinimumVisualStudioVersion = 10.0.40219.1
Project("{FAE04EC0-301F-11D3-BF4B-00C04F79EFBC}") = "HelloSourceControl", "HelloSourceControl\HelloSourceControl.csproj", "{207CC565-1FC4-4609-A66D-031495EDD15D}"
EndProject
Global
	GlobalSection(SolutionConfigurationPlatforms) = preSolution
		Debug|Any CPU = Debug|Any CPU
		Release|Any CPU = Release|Any CPU
	EndGlobalSection
	GlobalSection(ProjectConfigurationPlatforms) = postSolution
		{207CC565-1FC4-4609-A66D-031495EDD15D}.Debug|Any CPU.ActiveCfg = Debug|Any CPU
		{207CC565-1FC4-4609-A66D-031495EDD15D}.Debug|Any CPU.Build.0 = Debug|Any CPU
		{207CC565-1FC4-4609-A66D-031495EDD15D}.Release|Any CPU.ActiveCfg = Release|Any CPU
		{207CC565-1FC4-4609-A66D-031495EDD15D}.Release|Any CPU.Build.0 = Release|Any CPU
	EndGlobalSection
	GlobalSection(SolutionProperties) = preSolution
		HideSolutionNode = FALSE
	EndGlobalSection
	GlobalSection(ExtensibilityGlobals) = postSolution
		SolutionGuid = {BBA65D64-BD97-438C-A570-C1774F8B2706}
	EndGlobalSection
EndGlobal
